// !$*UTF8*$!
{
	archiveVersion = 1;
	classes = {
	};
	objectVersion = 46;
	objects = {

/* Begin PBXBuildFile section */
		8E1D210819D6FB2F00AF9953 /* camara.gif in Resources */ = {isa = PBXBuildFile; fileRef = 8E1D20EF19D6FB2F00AF9953 /* camara.gif */; };
		8E1D210919D6FB2F00AF9953 /* collect.gif in Resources */ = {isa = PBXBuildFile; fileRef = 8E1D20F019D6FB2F00AF9953 /* collect.gif */; };
		8E1D210A19D6FB2F00AF9953 /* fromttob.gif in Resources */ = {isa = PBXBuildFile; fileRef = 8E1D20F119D6FB2F00AF9953 /* fromttob.gif */; };
		8E1D210B19D6FB2F00AF9953 /* Ifeltlove.gif in Resources */ = {isa = PBXBuildFile; fileRef = 8E1D20F219D6FB2F00AF9953 /* Ifeltlove.gif */; };
		8E1D210C19D6FB2F00AF9953 /* images (1).jpeg in Resources */ = {isa = PBXBuildFile; fileRef = 8E1D20F319D6FB2F00AF9953 /* images (1).jpeg */; };
		8E1D210D19D6FB2F00AF9953 /* images (2).jpeg in Resources */ = {isa = PBXBuildFile; fileRef = 8E1D20F419D6FB2F00AF9953 /* images (2).jpeg */; };
		8E1D210E19D6FB2F00AF9953 /* images (3).jpeg in Resources */ = {isa = PBXBuildFile; fileRef = 8E1D20F519D6FB2F00AF9953 /* images (3).jpeg */; };
		8E1D210F19D6FB2F00AF9953 /* images (4).jpeg in Resources */ = {isa = PBXBuildFile; fileRef = 8E1D20F619D6FB2F00AF9953 /* images (4).jpeg */; };
		8E1D211019D6FB2F00AF9953 /* images (0).jpeg in Resources */ = {isa = PBXBuildFile; fileRef = 8E1D20F719D6FB2F00AF9953 /* images (0).jpeg */; };
		8E1D211119D6FB2F00AF9953 /* library.gif in Resources */ = {isa = PBXBuildFile; fileRef = 8E1D20F819D6FB2F00AF9953 /* library.gif */; };
		8E1D211219D6FB2F00AF9953 /* more.gif in Resources */ = {isa = PBXBuildFile; fileRef = 8E1D20F919D6FB2F00AF9953 /* more.gif */; };
		8E1D211319D6FB2F00AF9953 /* morelove.gif in Resources */ = {isa = PBXBuildFile; fileRef = 8E1D20FA19D6FB2F00AF9953 /* morelove.gif */; };
		8E1D211419D6FB2F00AF9953 /* moreslow.gif in Resources */ = {isa = PBXBuildFile; fileRef = 8E1D20FB19D6FB2F00AF9953 /* moreslow.gif */; };
		8E1D211519D6FB2F00AF9953 /* next.gif in Resources */ = {isa = PBXBuildFile; fileRef = 8E1D20FC19D6FB2F00AF9953 /* next.gif */; };
		8E1D211619D6FB2F00AF9953 /* share.gif in Resources */ = {isa = PBXBuildFile; fileRef = 8E1D20FD19D6FB2F00AF9953 /* share.gif */; };
		8E1D211719D6FB2F00AF9953 /* shot.gif in Resources */ = {isa = PBXBuildFile; fileRef = 8E1D20FE19D6FB2F00AF9953 /* shot.gif */; };
		8E1D211819D6FB2F00AF9953 /* start.gif in Resources */ = {isa = PBXBuildFile; fileRef = 8E1D20FF19D6FB2F00AF9953 /* start.gif */; };
		8E1D211919D6FB2F00AF9953 /* surts.jpeg in Resources */ = {isa = PBXBuildFile; fileRef = 8E1D210019D6FB2F00AF9953 /* surts.jpeg */; };
		8E1D211A19D6FB2F00AF9953 /* むきむき.jpeg in Resources */ = {isa = PBXBuildFile; fileRef = 8E1D210119D6FB2F00AF9953 /* むきむき.jpeg */; };
		8E1D211B19D6FB2F00AF9953 /* スター.gif in Resources */ = {isa = PBXBuildFile; fileRef = 8E1D210219D6FB2F00AF9953 /* スター.gif */; };
		8E1D211C19D6FB2F00AF9953 /* ダウンロード.jpeg in Resources */ = {isa = PBXBuildFile; fileRef = 8E1D210319D6FB2F00AF9953 /* ダウンロード.jpeg */; };
		8E1D211D19D6FB2F00AF9953 /* 女中国.jpg in Resources */ = {isa = PBXBuildFile; fileRef = 8E1D210419D6FB2F00AF9953 /* 女中国.jpg */; };
		8E1D211E19D6FB2F00AF9953 /* 女脱いだ候補１.jpg in Resources */ = {isa = PBXBuildFile; fileRef = 8E1D210519D6FB2F00AF9953 /* 女脱いだ候補１.jpg */; };
		8E1D211F19D6FB2F00AF9953 /* 女脱いだ候補２.jpg in Resources */ = {isa = PBXBuildFile; fileRef = 8E1D210619D6FB2F00AF9953 /* 女脱いだ候補２.jpg */; };
		8E1D212019D6FB2F00AF9953 /* 男脱いだ後.jpg in Resources */ = {isa = PBXBuildFile; fileRef = 8E1D210719D6FB2F00AF9953 /* 男脱いだ後.jpg */; };
		8E1D212219D7055300AF9953 /* title.jpg in Resources */ = {isa = PBXBuildFile; fileRef = 8E1D212119D7055300AF9953 /* title.jpg */; };
		8E1D219A19DC32D100AF9953 /* rule.gif in Resources */ = {isa = PBXBuildFile; fileRef = 8E1D219919DC32D100AF9953 /* rule.gif */; };
		8E1D219D19DC364B00AF9953 /* ruleViewController.m in Sources */ = {isa = PBXBuildFile; fileRef = 8E1D219C19DC364B00AF9953 /* ruleViewController.m */; };
		8E1D219F19DC3BF800AF9953 /* x.gif in Resources */ = {isa = PBXBuildFile; fileRef = 8E1D219E19DC3BF800AF9953 /* x.gif */; };
		8E1D21A119DD0B3300AF9953 /* 広島ルール.jpeg in Resources */ = {isa = PBXBuildFile; fileRef = 8E1D21A019DD0B3300AF9953 /* 広島ルール.jpeg */; };
		8E1D21A319DD0B4800AF9953 /* プレストルール.jpeg in Resources */ = {isa = PBXBuildFile; fileRef = 8E1D21A219DD0B4800AF9953 /* プレストルール.jpeg */; };
		8E1D21A519DE58AD00AF9953 /* 指.jpg in Resources */ = {isa = PBXBuildFile; fileRef = 8E1D21A419DE58AD00AF9953 /* 指.jpg */; };
		8E1D21A819DE83B600AF9953 /* fullViewController.m in Sources */ = {isa = PBXBuildFile; fileRef = 8E1D21A719DE83B600AF9953 /* fullViewController.m */; };
		8E1D21AA19DE8BB100AF9953 /* Social.framework in Frameworks */ = {isa = PBXBuildFile; fileRef = 8E1D21A919DE8BB100AF9953 /* Social.framework */; };
		8E1D21AD19E5F3BB00AF9953 /* tutorialViewController.m in Sources */ = {isa = PBXBuildFile; fileRef = 8E1D21AC19E5F3BB00AF9953 /* tutorialViewController.m */; };
		8E690D5719ED04E400B1382B /* startinginpact@2x.png in Resources */ = {isa = PBXBuildFile; fileRef = 8E690D5619ED04E400B1382B /* startinginpact@2x.png */; };
		8E690D5919ED093600B1382B /* startbutton@2x.png in Resources */ = {isa = PBXBuildFile; fileRef = 8E690D5819ED093600B1382B /* startbutton@2x.png */; };
		8E690D5C19ED097500B1382B /* collectionbutton@2x.png in Resources */ = {isa = PBXBuildFile; fileRef = 8E690D5A19ED097500B1382B /* collectionbutton@2x.png */; };
		8E690D5D19ED097500B1382B /* tutorialbutton@2x.png in Resources */ = {isa = PBXBuildFile; fileRef = 8E690D5B19ED097500B1382B /* tutorialbutton@2x.png */; };
		8E690D5F19ED0BDB00B1382B /* startscien@2x.png in Resources */ = {isa = PBXBuildFile; fileRef = 8E690D5E19ED0BDA00B1382B /* startscien@2x.png */; };
		8E690D6119ED22BC00B1382B /* collectionbutton2@2x.gif in Resources */ = {isa = PBXBuildFile; fileRef = 8E690D6019ED22BC00B1382B /* collectionbutton2@2x.gif */; };
		8E690D6319ED9C7900B1382B /* camerascene@2x.png in Resources */ = {isa = PBXBuildFile; fileRef = 8E690D6219ED9C7900B1382B /* camerascene@2x.png */; };
		8E690D6519ED9F5200B1382B /* camerascene2@2x.png in Resources */ = {isa = PBXBuildFile; fileRef = 8E690D6419ED9F5200B1382B /* camerascene2@2x.png */; };
		8E690D6919EDA58E00B1382B /* menubutton@2x.png in Resources */ = {isa = PBXBuildFile; fileRef = 8E690D6619EDA58E00B1382B /* menubutton@2x.png */; };
		8E690D6A19EDA58E00B1382B /* manbutton@2x.png in Resources */ = {isa = PBXBuildFile; fileRef = 8E690D6719EDA58E00B1382B /* manbutton@2x.png */; };
		8E690D6B19EDA58E00B1382B /* librarybutton@2x.png in Resources */ = {isa = PBXBuildFile; fileRef = 8E690D6819EDA58E00B1382B /* librarybutton@2x.png */; };
		8E690D6D19EDA5A400B1382B /* womanbutton@2x.png in Resources */ = {isa = PBXBuildFile; fileRef = 8E690D6C19EDA5A400B1382B /* womanbutton@2x.png */; };
		8E690D6F19EDA5BA00B1382B /* thirdbutton@2x.png in Resources */ = {isa = PBXBuildFile; fileRef = 8E690D6E19EDA5BA00B1382B /* thirdbutton@2x.png */; };
		8E690D7119EDA66A00B1382B /* camerabutton@2x.png in Resources */ = {isa = PBXBuildFile; fileRef = 8E690D7019EDA66A00B1382B /* camerabutton@2x.png */; };
		8E690D7319EDBCEA00B1382B /* returnbutton@2x.png in Resources */ = {isa = PBXBuildFile; fileRef = 8E690D7219EDBCEA00B1382B /* returnbutton@2x.png */; };
		8E690D7519EDE9C200B1382B /* screenshotbutto@2x.png in Resources */ = {isa = PBXBuildFile; fileRef = 8E690D7419EDE9C200B1382B /* screenshotbutto@2x.png */; };
		8E690D7919EDE9F500B1382B /* sharebutton@2x.png in Resources */ = {isa = PBXBuildFile; fileRef = 8E690D7819EDE9F500B1382B /* sharebutton@2x.png */; };
		8E690D7B19EDEC1700B1382B /* sharebutton2@2x.png in Resources */ = {isa = PBXBuildFile; fileRef = 8E690D7A19EDEC1700B1382B /* sharebutton2@2x.png */; };
		8E690D7D19EDEC2F00B1382B /* screenshotbutto2@2x.png in Resources */ = {isa = PBXBuildFile; fileRef = 8E690D7C19EDEC2F00B1382B /* screenshotbutto2@2x.png */; };
		8E690D7F19EE2AAA00B1382B /* count@2x.png in Resources */ = {isa = PBXBuildFile; fileRef = 8E690D7E19EE2AAA00B1382B /* count@2x.png */; };
		8E690D8119EE308700B1382B /* icon@2x.png in Resources */ = {isa = PBXBuildFile; fileRef = 8E690D8019EE308700B1382B /* icon@2x.png */; };
		8E690D8319EE34A000B1382B /* gamescienlady@2x.png in Resources */ = {isa = PBXBuildFile; fileRef = 8E690D8219EE34A000B1382B /* gamescienlady@2x.png */; };
		8E690D8519EE34AE00B1382B /* gamescienman@2x.png in Resources */ = {isa = PBXBuildFile; fileRef = 8E690D8419EE34AE00B1382B /* gamescienman@2x.png */; };
		8E690D8719EE34C200B1382B /* resultman@2x.png in Resources */ = {isa = PBXBuildFile; fileRef = 8E690D8619EE34C200B1382B /* resultman@2x.png */; };
		8E690D8D19EE5F3B00B1382B /* yajirusi@2x.png in Resources */ = {isa = PBXBuildFile; fileRef = 8E690D8C19EE5F3B00B1382B /* yajirusi@2x.png */; };
		8E690D8F19EE5F4600B1382B /* siro@2x.png in Resources */ = {isa = PBXBuildFile; fileRef = 8E690D8E19EE5F4600B1382B /* siro@2x.png */; };
		8E7B33C319EF382100F5BF57 /* facenothingman@2x.png in Resources */ = {isa = PBXBuildFile; fileRef = 8E7B33C219EF382100F5BF57 /* facenothingman@2x.png */; };
		8E7B33C519EF3CE400F5BF57 /* facenothinmanre@x2.png in Resources */ = {isa = PBXBuildFile; fileRef = 8E7B33C419EF3CE400F5BF57 /* facenothinmanre@x2.png */; };
		8E7B34D319F0E31600F5BF57 /* faceshape.png in Resources */ = {isa = PBXBuildFile; fileRef = 8E7B34D219F0E31600F5BF57 /* faceshape.png */; };
		8E7B34D519F122DD00F5BF57 /* faceshapewaku@2x.png in Resources */ = {isa = PBXBuildFile; fileRef = 8E7B34D419F122DD00F5BF57 /* faceshapewaku@2x.png */; };
		8E7B34D719F221E600F5BF57 /* resultladyfacenasi@2x.png in Resources */ = {isa = PBXBuildFile; fileRef = 8E7B34D619F221E600F5BF57 /* resultladyfacenasi@2x.png */; };
		8E7B34D919F221F000F5BF57 /* resultmangousei@2x.png in Resources */ = {isa = PBXBuildFile; fileRef = 8E7B34D819F221F000F5BF57 /* resultmangousei@2x.png */; };
		8E7B34DB19F221FD00F5BF57 /* gamescienlady2@2x.png in Resources */ = {isa = PBXBuildFile; fileRef = 8E7B34DA19F221FD00F5BF57 /* gamescienlady2@2x.png */; };
		8E7B34DD19F2493200F5BF57 /* faceframe@2x.png in Resources */ = {isa = PBXBuildFile; fileRef = 8E7B34DC19F2493200F5BF57 /* faceframe@2x.png */; };
		8E7B34DF19F3906200F5BF57 /* selectbutton@2x.png in Resources */ = {isa = PBXBuildFile; fileRef = 8E7B34DE19F3906200F5BF57 /* selectbutton@2x.png */; };
		8E7B34E119F3935900F5BF57 /* facenasiman@2x.png in Resources */ = {isa = PBXBuildFile; fileRef = 8E7B34E019F3935900F5BF57 /* facenasiman@2x.png */; };
		8E7B34E319F3947100F5BF57 /* faceresultmannasi@2x.png in Resources */ = {isa = PBXBuildFile; fileRef = 8E7B34E219F3947100F5BF57 /* faceresultmannasi@2x.png */; };
		8E7B34E519F397AC00F5BF57 /* facenasiresultman2@2x.png in Resources */ = {isa = PBXBuildFile; fileRef = 8E7B34E419F397AB00F5BF57 /* facenasiresultman2@2x.png */; };
		8E7B34E719F3993E00F5BF57 /* facenasiresultman4@2x.png in Resources */ = {isa = PBXBuildFile; fileRef = 8E7B34E619F3993E00F5BF57 /* facenasiresultman4@2x.png */; };
		8E7B34E919F39AA700F5BF57 /* facenasiresultman5@2x.png in Resources */ = {isa = PBXBuildFile; fileRef = 8E7B34E819F39AA700F5BF57 /* facenasiresultman5@2x.png */; };
		8E7B34EB19F3BB7D00F5BF57 /* digdowndeepsweety@2x.png in Resources */ = {isa = PBXBuildFile; fileRef = 8E7B34EA19F3BB7D00F5BF57 /* digdowndeepsweety@2x.png */; };
		8E7B34ED19F4F1A300F5BF57 /* cameraframeajust@2x.png in Resources */ = {isa = PBXBuildFile; fileRef = 8E7B34EC19F4F1A300F5BF57 /* cameraframeajust@2x.png */; };
		8E7B34F019F5022500F5BF57 /* maruframe@2x.gif in Resources */ = {isa = PBXBuildFile; fileRef = 8E7B34EE19F5022500F5BF57 /* maruframe@2x.gif */; };
		8E7B34F119F5022500F5BF57 /* marugurade@2x.png in Resources */ = {isa = PBXBuildFile; fileRef = 8E7B34EF19F5022500F5BF57 /* marugurade@2x.png */; };
		8E7B34F319F5023100F5BF57 /* librarybuttonwhite@2x.png in Resources */ = {isa = PBXBuildFile; fileRef = 8E7B34F219F5023100F5BF57 /* librarybuttonwhite@2x.png */; };
		8E7B34F519F5023D00F5BF57 /* menubuttonwhite@2x.png in Resources */ = {isa = PBXBuildFile; fileRef = 8E7B34F419F5023D00F5BF57 /* menubuttonwhite@2x.png */; };
		8E7B34F719F5026100F5BF57 /* camerabuttonwhite@2x.png in Resources */ = {isa = PBXBuildFile; fileRef = 8E7B34F619F5026100F5BF57 /* camerabuttonwhite@2x.png */; };
		8E7B34F919F50BEA00F5BF57 /* selectbuttonwhite@2x.png in Resources */ = {isa = PBXBuildFile; fileRef = 8E7B34F819F50BEA00F5BF57 /* selectbuttonwhite@2x.png */; };
		8E7B34FB19F62A0000F5BF57 /* screenshotbuttonwhite@2x.png in Resources */ = {isa = PBXBuildFile; fileRef = 8E7B34FA19F62A0000F5BF57 /* screenshotbuttonwhite@2x.png */; };
		8E7B34FD19F62A1C00F5BF57 /* sharebuttonwhite@2x.png in Resources */ = {isa = PBXBuildFile; fileRef = 8E7B34FC19F62A1C00F5BF57 /* sharebuttonwhite@2x.png */; };
		8E96DB3719F652140004A524 /* camerascien3@2x.png in Resources */ = {isa = PBXBuildFile; fileRef = 8E96DB3619F652140004A524 /* camerascien3@2x.png */; };
		8E96DB3919F6BB130004A524 /* tutorial1@2x.png in Resources */ = {isa = PBXBuildFile; fileRef = 8E96DB3819F6BB130004A524 /* tutorial1@2x.png */; };
		8E96DB3B19F6BB3B0004A524 /* tutorial4@2x.png in Resources */ = {isa = PBXBuildFile; fileRef = 8E96DB3A19F6BB3B0004A524 /* tutorial4@2x.png */; };
		8E96DB3D19F6BB500004A524 /* tutorial2@2x.png in Resources */ = {isa = PBXBuildFile; fileRef = 8E96DB3C19F6BB500004A524 /* tutorial2@2x.png */; };
		8E96DB3F19F6BB5F0004A524 /* tutorial3@2x.png in Resources */ = {isa = PBXBuildFile; fileRef = 8E96DB3E19F6BB5F0004A524 /* tutorial3@2x.png */; };
		8E96DB4119F6BB9C0004A524 /* tutorial5@2x.png in Resources */ = {isa = PBXBuildFile; fileRef = 8E96DB4019F6BB9C0004A524 /* tutorial5@2x.png */; };
		8E96DB4319F6C0E80004A524 /* batu@2x.png in Resources */ = {isa = PBXBuildFile; fileRef = 8E96DB4219F6C0E80004A524 /* batu@2x.png */; };
		8E9830E219C80EB900F56A74 /* manResultViewController.m in Sources */ = {isa = PBXBuildFile; fileRef = 8E9830E119C80EB900F56A74 /* manResultViewController.m */; };
		8E9830E519C813CC00F56A74 /* wemanResultViewController.m in Sources */ = {isa = PBXBuildFile; fileRef = 8E9830E419C813CC00F56A74 /* wemanResultViewController.m */; };
		8E9830E819C8145D00F56A74 /* cthersResultViewController.m in Sources */ = {isa = PBXBuildFile; fileRef = 8E9830E719C8145D00F56A74 /* cthersResultViewController.m */; };
		8EA57E6719BD10BD00B6B853 /* CameraViewController.m in Sources */ = {isa = PBXBuildFile; fileRef = 8EA57E6619BD10BD00B6B853 /* CameraViewController.m */; };
		8EA57E6D19BD14A800B6B853 /* CollectViewController.m in Sources */ = {isa = PBXBuildFile; fileRef = 8EA57E6C19BD14A800B6B853 /* CollectViewController.m */; };
		8EA57E7519BDA15700B6B853 /* GameViewController.m in Sources */ = {isa = PBXBuildFile; fileRef = 8EA57E7419BDA15700B6B853 /* GameViewController.m */; };
		8EA57E7819BDACA400B6B853 /* WemanGameViewController.m in Sources */ = {isa = PBXBuildFile; fileRef = 8EA57E7719BDACA400B6B853 /* WemanGameViewController.m */; };
		8EA57E7B19BDACC300B6B853 /* OthersGameViewController.m in Sources */ = {isa = PBXBuildFile; fileRef = 8EA57E7A19BDACC300B6B853 /* OthersGameViewController.m */; };
		8EA57EBE19C0496700B6B853 /* AssetsLibrary.framework in Frameworks */ = {isa = PBXBuildFile; fileRef = 8EA57EBD19C0496700B6B853 /* AssetsLibrary.framework */; };
		8EB14DCF19C81BD7004FFBFA /* Main.storyboard in Resources */ = {isa = PBXBuildFile; fileRef = 8EB14DCE19C81BD7004FFBFA /* Main.storyboard */; };
		8EB45F2019BC417200F03297 /* Foundation.framework in Frameworks */ = {isa = PBXBuildFile; fileRef = 8EB45F1F19BC417200F03297 /* Foundation.framework */; };
		8EB45F2219BC417200F03297 /* CoreGraphics.framework in Frameworks */ = {isa = PBXBuildFile; fileRef = 8EB45F2119BC417200F03297 /* CoreGraphics.framework */; };
		8EB45F2419BC417200F03297 /* UIKit.framework in Frameworks */ = {isa = PBXBuildFile; fileRef = 8EB45F2319BC417200F03297 /* UIKit.framework */; };
		8EB45F2A19BC417200F03297 /* InfoPlist.strings in Resources */ = {isa = PBXBuildFile; fileRef = 8EB45F2819BC417200F03297 /* InfoPlist.strings */; };
		8EB45F2C19BC417200F03297 /* main.m in Sources */ = {isa = PBXBuildFile; fileRef = 8EB45F2B19BC417200F03297 /* main.m */; };
		8EB45F3019BC417200F03297 /* AppDelegate.m in Sources */ = {isa = PBXBuildFile; fileRef = 8EB45F2F19BC417200F03297 /* AppDelegate.m */; };
		8EB45F3619BC417200F03297 /* ViewController.m in Sources */ = {isa = PBXBuildFile; fileRef = 8EB45F3519BC417200F03297 /* ViewController.m */; };
		8EB45F3819BC417200F03297 /* Images.xcassets in Resources */ = {isa = PBXBuildFile; fileRef = 8EB45F3719BC417200F03297 /* Images.xcassets */; };
		8EB45F3F19BC417200F03297 /* XCTest.framework in Frameworks */ = {isa = PBXBuildFile; fileRef = 8EB45F3E19BC417200F03297 /* XCTest.framework */; };
		8EB45F4019BC417200F03297 /* Foundation.framework in Frameworks */ = {isa = PBXBuildFile; fileRef = 8EB45F1F19BC417200F03297 /* Foundation.framework */; };
		8EB45F4119BC417200F03297 /* UIKit.framework in Frameworks */ = {isa = PBXBuildFile; fileRef = 8EB45F2319BC417200F03297 /* UIKit.framework */; };
		8EB45F4919BC417200F03297 /* InfoPlist.strings in Resources */ = {isa = PBXBuildFile; fileRef = 8EB45F4719BC417200F03297 /* InfoPlist.strings */; };
		8EB45F4B19BC417200F03297 /* DevelopApp1Tests.m in Sources */ = {isa = PBXBuildFile; fileRef = 8EB45F4A19BC417200F03297 /* DevelopApp1Tests.m */; };
		8EB45F9619BC708300F03297 /* SpriteKit.framework in Frameworks */ = {isa = PBXBuildFile; fileRef = 8EB45F9519BC708300F03297 /* SpriteKit.framework */; };
/* End PBXBuildFile section */

/* Begin PBXContainerItemProxy section */
		8EB45F4219BC417200F03297 /* PBXContainerItemProxy */ = {
			isa = PBXContainerItemProxy;
			containerPortal = 8EB45F1419BC417200F03297 /* Project object */;
			proxyType = 1;
			remoteGlobalIDString = 8EB45F1B19BC417200F03297;
			remoteInfo = DevelopApp1;
		};
/* End PBXContainerItemProxy section */

/* Begin PBXFileReference section */
		8E1D20EF19D6FB2F00AF9953 /* camara.gif */ = {isa = PBXFileReference; lastKnownFileType = image.gif; path = camara.gif; sourceTree = "<group>"; };
		8E1D20F019D6FB2F00AF9953 /* collect.gif */ = {isa = PBXFileReference; lastKnownFileType = image.gif; path = collect.gif; sourceTree = "<group>"; };
		8E1D20F119D6FB2F00AF9953 /* fromttob.gif */ = {isa = PBXFileReference; lastKnownFileType = image.gif; path = fromttob.gif; sourceTree = "<group>"; };
		8E1D20F219D6FB2F00AF9953 /* Ifeltlove.gif */ = {isa = PBXFileReference; lastKnownFileType = image.gif; path = Ifeltlove.gif; sourceTree = "<group>"; };
		8E1D20F319D6FB2F00AF9953 /* images (1).jpeg */ = {isa = PBXFileReference; lastKnownFileType = image.jpeg; path = "images (1).jpeg"; sourceTree = "<group>"; };
		8E1D20F419D6FB2F00AF9953 /* images (2).jpeg */ = {isa = PBXFileReference; lastKnownFileType = image.jpeg; path = "images (2).jpeg"; sourceTree = "<group>"; };
		8E1D20F519D6FB2F00AF9953 /* images (3).jpeg */ = {isa = PBXFileReference; lastKnownFileType = image.jpeg; path = "images (3).jpeg"; sourceTree = "<group>"; };
		8E1D20F619D6FB2F00AF9953 /* images (4).jpeg */ = {isa = PBXFileReference; lastKnownFileType = image.jpeg; path = "images (4).jpeg"; sourceTree = "<group>"; };
		8E1D20F719D6FB2F00AF9953 /* images (0).jpeg */ = {isa = PBXFileReference; lastKnownFileType = image.jpeg; path = "images (0).jpeg"; sourceTree = "<group>"; };
		8E1D20F819D6FB2F00AF9953 /* library.gif */ = {isa = PBXFileReference; lastKnownFileType = image.gif; path = library.gif; sourceTree = "<group>"; };
		8E1D20F919D6FB2F00AF9953 /* more.gif */ = {isa = PBXFileReference; lastKnownFileType = image.gif; path = more.gif; sourceTree = "<group>"; };
		8E1D20FA19D6FB2F00AF9953 /* morelove.gif */ = {isa = PBXFileReference; lastKnownFileType = image.gif; path = morelove.gif; sourceTree = "<group>"; };
		8E1D20FB19D6FB2F00AF9953 /* moreslow.gif */ = {isa = PBXFileReference; lastKnownFileType = image.gif; path = moreslow.gif; sourceTree = "<group>"; };
		8E1D20FC19D6FB2F00AF9953 /* next.gif */ = {isa = PBXFileReference; lastKnownFileType = image.gif; path = next.gif; sourceTree = "<group>"; };
		8E1D20FD19D6FB2F00AF9953 /* share.gif */ = {isa = PBXFileReference; lastKnownFileType = image.gif; path = share.gif; sourceTree = "<group>"; };
		8E1D20FE19D6FB2F00AF9953 /* shot.gif */ = {isa = PBXFileReference; lastKnownFileType = image.gif; path = shot.gif; sourceTree = "<group>"; };
		8E1D20FF19D6FB2F00AF9953 /* start.gif */ = {isa = PBXFileReference; lastKnownFileType = image.gif; path = start.gif; sourceTree = "<group>"; };
		8E1D210019D6FB2F00AF9953 /* surts.jpeg */ = {isa = PBXFileReference; lastKnownFileType = image.jpeg; path = surts.jpeg; sourceTree = "<group>"; };
		8E1D210119D6FB2F00AF9953 /* むきむき.jpeg */ = {isa = PBXFileReference; lastKnownFileType = image.jpeg; path = "むきむき.jpeg"; sourceTree = "<group>"; };
		8E1D210219D6FB2F00AF9953 /* スター.gif */ = {isa = PBXFileReference; lastKnownFileType = image.gif; path = "スター.gif"; sourceTree = "<group>"; };
		8E1D210319D6FB2F00AF9953 /* ダウンロード.jpeg */ = {isa = PBXFileReference; lastKnownFileType = image.jpeg; path = "ダウンロード.jpeg"; sourceTree = "<group>"; };
		8E1D210419D6FB2F00AF9953 /* 女中国.jpg */ = {isa = PBXFileReference; lastKnownFileType = image.jpeg; path = "女中国.jpg"; sourceTree = "<group>"; };
		8E1D210519D6FB2F00AF9953 /* 女脱いだ候補１.jpg */ = {isa = PBXFileReference; lastKnownFileType = image.jpeg; path = "女脱いだ候補１.jpg"; sourceTree = "<group>"; };
		8E1D210619D6FB2F00AF9953 /* 女脱いだ候補２.jpg */ = {isa = PBXFileReference; lastKnownFileType = image.jpeg; path = "女脱いだ候補２.jpg"; sourceTree = "<group>"; };
		8E1D210719D6FB2F00AF9953 /* 男脱いだ後.jpg */ = {isa = PBXFileReference; lastKnownFileType = image.jpeg; path = "男脱いだ後.jpg"; sourceTree = "<group>"; };
		8E1D212119D7055300AF9953 /* title.jpg */ = {isa = PBXFileReference; lastKnownFileType = image.jpeg; path = title.jpg; sourceTree = "<group>"; };
		8E1D219919DC32D100AF9953 /* rule.gif */ = {isa = PBXFileReference; lastKnownFileType = image.gif; path = rule.gif; sourceTree = "<group>"; };
		8E1D219B19DC364B00AF9953 /* ruleViewController.h */ = {isa = PBXFileReference; fileEncoding = 4; lastKnownFileType = sourcecode.c.h; path = ruleViewController.h; sourceTree = "<group>"; };
		8E1D219C19DC364B00AF9953 /* ruleViewController.m */ = {isa = PBXFileReference; fileEncoding = 4; lastKnownFileType = sourcecode.c.objc; path = ruleViewController.m; sourceTree = "<group>"; };
		8E1D219E19DC3BF800AF9953 /* x.gif */ = {isa = PBXFileReference; lastKnownFileType = image.gif; name = x.gif; path = ../x.gif; sourceTree = "<group>"; };
		8E1D21A019DD0B3300AF9953 /* 広島ルール.jpeg */ = {isa = PBXFileReference; lastKnownFileType = image.jpeg; path = "広島ルール.jpeg"; sourceTree = "<group>"; };
		8E1D21A219DD0B4800AF9953 /* プレストルール.jpeg */ = {isa = PBXFileReference; lastKnownFileType = image.jpeg; path = "プレストルール.jpeg"; sourceTree = "<group>"; };
		8E1D21A419DE58AD00AF9953 /* 指.jpg */ = {isa = PBXFileReference; lastKnownFileType = image.jpeg; path = "指.jpg"; sourceTree = "<group>"; };
		8E1D21A619DE83B600AF9953 /* fullViewController.h */ = {isa = PBXFileReference; fileEncoding = 4; lastKnownFileType = sourcecode.c.h; path = fullViewController.h; sourceTree = "<group>"; };
		8E1D21A719DE83B600AF9953 /* fullViewController.m */ = {isa = PBXFileReference; fileEncoding = 4; lastKnownFileType = sourcecode.c.objc; path = fullViewController.m; sourceTree = "<group>"; };
		8E1D21A919DE8BB100AF9953 /* Social.framework */ = {isa = PBXFileReference; lastKnownFileType = wrapper.framework; name = Social.framework; path = System/Library/Frameworks/Social.framework; sourceTree = SDKROOT; };
		8E1D21AB19E5F3BB00AF9953 /* tutorialViewController.h */ = {isa = PBXFileReference; fileEncoding = 4; lastKnownFileType = sourcecode.c.h; path = tutorialViewController.h; sourceTree = "<group>"; };
		8E1D21AC19E5F3BB00AF9953 /* tutorialViewController.m */ = {isa = PBXFileReference; fileEncoding = 4; lastKnownFileType = sourcecode.c.objc; path = tutorialViewController.m; sourceTree = "<group>"; };
		8E690D5619ED04E400B1382B /* startinginpact@2x.png */ = {isa = PBXFileReference; lastKnownFileType = image.png; path = "startinginpact@2x.png"; sourceTree = "<group>"; };
		8E690D5819ED093600B1382B /* startbutton@2x.png */ = {isa = PBXFileReference; lastKnownFileType = image.png; path = "startbutton@2x.png"; sourceTree = "<group>"; };
		8E690D5A19ED097500B1382B /* collectionbutton@2x.png */ = {isa = PBXFileReference; lastKnownFileType = image.png; path = "collectionbutton@2x.png"; sourceTree = "<group>"; };
		8E690D5B19ED097500B1382B /* tutorialbutton@2x.png */ = {isa = PBXFileReference; lastKnownFileType = image.png; path = "tutorialbutton@2x.png"; sourceTree = "<group>"; };
		8E690D5E19ED0BDA00B1382B /* startscien@2x.png */ = {isa = PBXFileReference; lastKnownFileType = image.png; path = "startscien@2x.png"; sourceTree = "<group>"; };
		8E690D6019ED22BC00B1382B /* collectionbutton2@2x.gif */ = {isa = PBXFileReference; lastKnownFileType = image.gif; path = "collectionbutton2@2x.gif"; sourceTree = "<group>"; };
		8E690D6219ED9C7900B1382B /* camerascene@2x.png */ = {isa = PBXFileReference; lastKnownFileType = image.png; path = "camerascene@2x.png"; sourceTree = "<group>"; };
		8E690D6419ED9F5200B1382B /* camerascene2@2x.png */ = {isa = PBXFileReference; lastKnownFileType = image.png; path = "camerascene2@2x.png"; sourceTree = "<group>"; };
		8E690D6619EDA58E00B1382B /* menubutton@2x.png */ = {isa = PBXFileReference; lastKnownFileType = image.png; path = "menubutton@2x.png"; sourceTree = "<group>"; };
		8E690D6719EDA58E00B1382B /* manbutton@2x.png */ = {isa = PBXFileReference; lastKnownFileType = image.png; path = "manbutton@2x.png"; sourceTree = "<group>"; };
		8E690D6819EDA58E00B1382B /* librarybutton@2x.png */ = {isa = PBXFileReference; lastKnownFileType = image.png; path = "librarybutton@2x.png"; sourceTree = "<group>"; };
		8E690D6C19EDA5A400B1382B /* womanbutton@2x.png */ = {isa = PBXFileReference; lastKnownFileType = image.png; path = "womanbutton@2x.png"; sourceTree = "<group>"; };
		8E690D6E19EDA5BA00B1382B /* thirdbutton@2x.png */ = {isa = PBXFileReference; lastKnownFileType = image.png; path = "thirdbutton@2x.png"; sourceTree = "<group>"; };
		8E690D7019EDA66A00B1382B /* camerabutton@2x.png */ = {isa = PBXFileReference; lastKnownFileType = image.png; path = "camerabutton@2x.png"; sourceTree = "<group>"; };
		8E690D7219EDBCEA00B1382B /* returnbutton@2x.png */ = {isa = PBXFileReference; lastKnownFileType = image.png; path = "returnbutton@2x.png"; sourceTree = "<group>"; };
		8E690D7419EDE9C200B1382B /* screenshotbutto@2x.png */ = {isa = PBXFileReference; lastKnownFileType = image.png; path = "screenshotbutto@2x.png"; sourceTree = "<group>"; };
		8E690D7819EDE9F500B1382B /* sharebutton@2x.png */ = {isa = PBXFileReference; lastKnownFileType = image.png; path = "sharebutton@2x.png"; sourceTree = "<group>"; };
		8E690D7A19EDEC1700B1382B /* sharebutton2@2x.png */ = {isa = PBXFileReference; lastKnownFileType = image.png; path = "sharebutton2@2x.png"; sourceTree = "<group>"; };
		8E690D7C19EDEC2F00B1382B /* screenshotbutto2@2x.png */ = {isa = PBXFileReference; lastKnownFileType = image.png; path = "screenshotbutto2@2x.png"; sourceTree = "<group>"; };
		8E690D7E19EE2AAA00B1382B /* count@2x.png */ = {isa = PBXFileReference; lastKnownFileType = image.png; path = "count@2x.png"; sourceTree = "<group>"; };
		8E690D8019EE308700B1382B /* icon@2x.png */ = {isa = PBXFileReference; lastKnownFileType = image.png; path = "icon@2x.png"; sourceTree = "<group>"; };
		8E690D8219EE34A000B1382B /* gamescienlady@2x.png */ = {isa = PBXFileReference; lastKnownFileType = image.png; path = "gamescienlady@2x.png"; sourceTree = "<group>"; };
		8E690D8419EE34AE00B1382B /* gamescienman@2x.png */ = {isa = PBXFileReference; lastKnownFileType = image.png; path = "gamescienman@2x.png"; sourceTree = "<group>"; };
		8E690D8619EE34C200B1382B /* resultman@2x.png */ = {isa = PBXFileReference; lastKnownFileType = image.png; path = "resultman@2x.png"; sourceTree = "<group>"; };
		8E690D8C19EE5F3B00B1382B /* yajirusi@2x.png */ = {isa = PBXFileReference; lastKnownFileType = image.png; path = "yajirusi@2x.png"; sourceTree = "<group>"; };
		8E690D8E19EE5F4600B1382B /* siro@2x.png */ = {isa = PBXFileReference; lastKnownFileType = image.png; path = "siro@2x.png"; sourceTree = "<group>"; };
		8E7B33C219EF382100F5BF57 /* facenothingman@2x.png */ = {isa = PBXFileReference; lastKnownFileType = image.png; path = "facenothingman@2x.png"; sourceTree = "<group>"; };
		8E7B33C419EF3CE400F5BF57 /* facenothinmanre@x2.png */ = {isa = PBXFileReference; lastKnownFileType = image.png; path = "facenothinmanre@x2.png"; sourceTree = "<group>"; };
		8E7B34D219F0E31600F5BF57 /* faceshape.png */ = {isa = PBXFileReference; lastKnownFileType = image.png; path = faceshape.png; sourceTree = "<group>"; };
		8E7B34D419F122DD00F5BF57 /* faceshapewaku@2x.png */ = {isa = PBXFileReference; lastKnownFileType = image.png; path = "faceshapewaku@2x.png"; sourceTree = "<group>"; };
		8E7B34D619F221E600F5BF57 /* resultladyfacenasi@2x.png */ = {isa = PBXFileReference; lastKnownFileType = image.png; path = "resultladyfacenasi@2x.png"; sourceTree = "<group>"; };
		8E7B34D819F221F000F5BF57 /* resultmangousei@2x.png */ = {isa = PBXFileReference; lastKnownFileType = image.png; path = "resultmangousei@2x.png"; sourceTree = "<group>"; };
		8E7B34DA19F221FD00F5BF57 /* gamescienlady2@2x.png */ = {isa = PBXFileReference; lastKnownFileType = image.png; path = "gamescienlady2@2x.png"; sourceTree = "<group>"; };
		8E7B34DC19F2493200F5BF57 /* faceframe@2x.png */ = {isa = PBXFileReference; lastKnownFileType = image.png; path = "faceframe@2x.png"; sourceTree = "<group>"; };
		8E7B34DE19F3906200F5BF57 /* selectbutton@2x.png */ = {isa = PBXFileReference; lastKnownFileType = image.png; path = "selectbutton@2x.png"; sourceTree = "<group>"; };
		8E7B34E019F3935900F5BF57 /* facenasiman@2x.png */ = {isa = PBXFileReference; lastKnownFileType = image.png; path = "facenasiman@2x.png"; sourceTree = "<group>"; };
		8E7B34E219F3947100F5BF57 /* faceresultmannasi@2x.png */ = {isa = PBXFileReference; lastKnownFileType = image.png; path = "faceresultmannasi@2x.png"; sourceTree = "<group>"; };
		8E7B34E419F397AB00F5BF57 /* facenasiresultman2@2x.png */ = {isa = PBXFileReference; lastKnownFileType = image.png; path = "facenasiresultman2@2x.png"; sourceTree = "<group>"; };
		8E7B34E619F3993E00F5BF57 /* facenasiresultman4@2x.png */ = {isa = PBXFileReference; lastKnownFileType = image.png; path = "facenasiresultman4@2x.png"; sourceTree = "<group>"; };
		8E7B34E819F39AA700F5BF57 /* facenasiresultman5@2x.png */ = {isa = PBXFileReference; lastKnownFileType = image.png; path = "facenasiresultman5@2x.png"; sourceTree = "<group>"; };
		8E7B34EA19F3BB7D00F5BF57 /* digdowndeepsweety@2x.png */ = {isa = PBXFileReference; lastKnownFileType = image.png; path = "digdowndeepsweety@2x.png"; sourceTree = "<group>"; };
		8E7B34EC19F4F1A300F5BF57 /* cameraframeajust@2x.png */ = {isa = PBXFileReference; lastKnownFileType = image.png; path = "cameraframeajust@2x.png"; sourceTree = "<group>"; };
		8E7B34EE19F5022500F5BF57 /* maruframe@2x.gif */ = {isa = PBXFileReference; lastKnownFileType = image.gif; path = "maruframe@2x.gif"; sourceTree = "<group>"; };
		8E7B34EF19F5022500F5BF57 /* marugurade@2x.png */ = {isa = PBXFileReference; lastKnownFileType = image.png; path = "marugurade@2x.png"; sourceTree = "<group>"; };
		8E7B34F219F5023100F5BF57 /* librarybuttonwhite@2x.png */ = {isa = PBXFileReference; lastKnownFileType = image.png; path = "librarybuttonwhite@2x.png"; sourceTree = "<group>"; };
		8E7B34F419F5023D00F5BF57 /* menubuttonwhite@2x.png */ = {isa = PBXFileReference; lastKnownFileType = image.png; path = "menubuttonwhite@2x.png"; sourceTree = "<group>"; };
		8E7B34F619F5026100F5BF57 /* camerabuttonwhite@2x.png */ = {isa = PBXFileReference; lastKnownFileType = image.png; path = "camerabuttonwhite@2x.png"; sourceTree = "<group>"; };
		8E7B34F819F50BEA00F5BF57 /* selectbuttonwhite@2x.png */ = {isa = PBXFileReference; lastKnownFileType = image.png; path = "selectbuttonwhite@2x.png"; sourceTree = "<group>"; };
		8E7B34FA19F62A0000F5BF57 /* screenshotbuttonwhite@2x.png */ = {isa = PBXFileReference; lastKnownFileType = image.png; path = "screenshotbuttonwhite@2x.png"; sourceTree = "<group>"; };
		8E7B34FC19F62A1C00F5BF57 /* sharebuttonwhite@2x.png */ = {isa = PBXFileReference; lastKnownFileType = image.png; path = "sharebuttonwhite@2x.png"; sourceTree = "<group>"; };
		8E96DB3619F652140004A524 /* camerascien3@2x.png */ = {isa = PBXFileReference; lastKnownFileType = image.png; path = "camerascien3@2x.png"; sourceTree = "<group>"; };
		8E96DB3819F6BB130004A524 /* tutorial1@2x.png */ = {isa = PBXFileReference; lastKnownFileType = image.png; path = "tutorial1@2x.png"; sourceTree = "<group>"; };
		8E96DB3A19F6BB3B0004A524 /* tutorial4@2x.png */ = {isa = PBXFileReference; lastKnownFileType = image.png; path = "tutorial4@2x.png"; sourceTree = "<group>"; };
		8E96DB3C19F6BB500004A524 /* tutorial2@2x.png */ = {isa = PBXFileReference; lastKnownFileType = image.png; path = "tutorial2@2x.png"; sourceTree = "<group>"; };
		8E96DB3E19F6BB5F0004A524 /* tutorial3@2x.png */ = {isa = PBXFileReference; lastKnownFileType = image.png; path = "tutorial3@2x.png"; sourceTree = "<group>"; };
		8E96DB4019F6BB9C0004A524 /* tutorial5@2x.png */ = {isa = PBXFileReference; lastKnownFileType = image.png; path = "tutorial5@2x.png"; sourceTree = "<group>"; };
		8E96DB4219F6C0E80004A524 /* batu@2x.png */ = {isa = PBXFileReference; lastKnownFileType = image.png; path = "batu@2x.png"; sourceTree = "<group>"; };
		8E9830E019C80EB900F56A74 /* manResultViewController.h */ = {isa = PBXFileReference; fileEncoding = 4; lastKnownFileType = sourcecode.c.h; path = manResultViewController.h; sourceTree = "<group>"; };
		8E9830E119C80EB900F56A74 /* manResultViewController.m */ = {isa = PBXFileReference; fileEncoding = 4; lastKnownFileType = sourcecode.c.objc; path = manResultViewController.m; sourceTree = "<group>"; };
		8E9830E319C813CC00F56A74 /* wemanResultViewController.h */ = {isa = PBXFileReference; fileEncoding = 4; lastKnownFileType = sourcecode.c.h; path = wemanResultViewController.h; sourceTree = "<group>"; };
		8E9830E419C813CC00F56A74 /* wemanResultViewController.m */ = {isa = PBXFileReference; fileEncoding = 4; lastKnownFileType = sourcecode.c.objc; path = wemanResultViewController.m; sourceTree = "<group>"; };
		8E9830E619C8145D00F56A74 /* cthersResultViewController.h */ = {isa = PBXFileReference; fileEncoding = 4; lastKnownFileType = sourcecode.c.h; path = cthersResultViewController.h; sourceTree = "<group>"; };
		8E9830E719C8145D00F56A74 /* cthersResultViewController.m */ = {isa = PBXFileReference; fileEncoding = 4; lastKnownFileType = sourcecode.c.objc; path = cthersResultViewController.m; sourceTree = "<group>"; };
		8EA57E6519BD10BD00B6B853 /* CameraViewController.h */ = {isa = PBXFileReference; fileEncoding = 4; lastKnownFileType = sourcecode.c.h; path = CameraViewController.h; sourceTree = "<group>"; };
		8EA57E6619BD10BD00B6B853 /* CameraViewController.m */ = {isa = PBXFileReference; fileEncoding = 4; lastKnownFileType = sourcecode.c.objc; path = CameraViewController.m; sourceTree = "<group>"; };
		8EA57E6B19BD14A800B6B853 /* CollectViewController.h */ = {isa = PBXFileReference; fileEncoding = 4; lastKnownFileType = sourcecode.c.h; path = CollectViewController.h; sourceTree = "<group>"; };
		8EA57E6C19BD14A800B6B853 /* CollectViewController.m */ = {isa = PBXFileReference; fileEncoding = 4; lastKnownFileType = sourcecode.c.objc; path = CollectViewController.m; sourceTree = "<group>"; };
		8EA57E7319BDA15700B6B853 /* GameViewController.h */ = {isa = PBXFileReference; fileEncoding = 4; lastKnownFileType = sourcecode.c.h; path = GameViewController.h; sourceTree = "<group>"; };
		8EA57E7419BDA15700B6B853 /* GameViewController.m */ = {isa = PBXFileReference; fileEncoding = 4; lastKnownFileType = sourcecode.c.objc; path = GameViewController.m; sourceTree = "<group>"; };
		8EA57E7619BDACA400B6B853 /* WemanGameViewController.h */ = {isa = PBXFileReference; fileEncoding = 4; lastKnownFileType = sourcecode.c.h; path = WemanGameViewController.h; sourceTree = "<group>"; };
		8EA57E7719BDACA400B6B853 /* WemanGameViewController.m */ = {isa = PBXFileReference; fileEncoding = 4; lastKnownFileType = sourcecode.c.objc; path = WemanGameViewController.m; sourceTree = "<group>"; };
		8EA57E7919BDACC300B6B853 /* OthersGameViewController.h */ = {isa = PBXFileReference; fileEncoding = 4; lastKnownFileType = sourcecode.c.h; path = OthersGameViewController.h; sourceTree = "<group>"; };
		8EA57E7A19BDACC300B6B853 /* OthersGameViewController.m */ = {isa = PBXFileReference; fileEncoding = 4; lastKnownFileType = sourcecode.c.objc; path = OthersGameViewController.m; sourceTree = "<group>"; };
		8EA57EBD19C0496700B6B853 /* AssetsLibrary.framework */ = {isa = PBXFileReference; lastKnownFileType = wrapper.framework; name = AssetsLibrary.framework; path = System/Library/Frameworks/AssetsLibrary.framework; sourceTree = SDKROOT; };
		8EB14DCE19C81BD7004FFBFA /* Main.storyboard */ = {isa = PBXFileReference; fileEncoding = 4; lastKnownFileType = file.storyboard; path = Main.storyboard; sourceTree = "<group>"; };
		8EB45F1C19BC417200F03297 /* DevelopApp1.app */ = {isa = PBXFileReference; explicitFileType = wrapper.application; includeInIndex = 0; path = DevelopApp1.app; sourceTree = BUILT_PRODUCTS_DIR; };
		8EB45F1F19BC417200F03297 /* Foundation.framework */ = {isa = PBXFileReference; lastKnownFileType = wrapper.framework; name = Foundation.framework; path = System/Library/Frameworks/Foundation.framework; sourceTree = SDKROOT; };
		8EB45F2119BC417200F03297 /* CoreGraphics.framework */ = {isa = PBXFileReference; lastKnownFileType = wrapper.framework; name = CoreGraphics.framework; path = System/Library/Frameworks/CoreGraphics.framework; sourceTree = SDKROOT; };
		8EB45F2319BC417200F03297 /* UIKit.framework */ = {isa = PBXFileReference; lastKnownFileType = wrapper.framework; name = UIKit.framework; path = System/Library/Frameworks/UIKit.framework; sourceTree = SDKROOT; };
		8EB45F2719BC417200F03297 /* DevelopApp1-Info.plist */ = {isa = PBXFileReference; lastKnownFileType = text.plist.xml; path = "DevelopApp1-Info.plist"; sourceTree = "<group>"; };
		8EB45F2919BC417200F03297 /* en */ = {isa = PBXFileReference; lastKnownFileType = text.plist.strings; name = en; path = en.lproj/InfoPlist.strings; sourceTree = "<group>"; };
		8EB45F2B19BC417200F03297 /* main.m */ = {isa = PBXFileReference; lastKnownFileType = sourcecode.c.objc; path = main.m; sourceTree = "<group>"; };
		8EB45F2D19BC417200F03297 /* DevelopApp1-Prefix.pch */ = {isa = PBXFileReference; lastKnownFileType = sourcecode.c.h; path = "DevelopApp1-Prefix.pch"; sourceTree = "<group>"; };
		8EB45F2E19BC417200F03297 /* AppDelegate.h */ = {isa = PBXFileReference; lastKnownFileType = sourcecode.c.h; path = AppDelegate.h; sourceTree = "<group>"; };
		8EB45F2F19BC417200F03297 /* AppDelegate.m */ = {isa = PBXFileReference; lastKnownFileType = sourcecode.c.objc; path = AppDelegate.m; sourceTree = "<group>"; };
		8EB45F3419BC417200F03297 /* ViewController.h */ = {isa = PBXFileReference; lastKnownFileType = sourcecode.c.h; path = ViewController.h; sourceTree = "<group>"; };
		8EB45F3519BC417200F03297 /* ViewController.m */ = {isa = PBXFileReference; lastKnownFileType = sourcecode.c.objc; path = ViewController.m; sourceTree = "<group>"; };
		8EB45F3719BC417200F03297 /* Images.xcassets */ = {isa = PBXFileReference; lastKnownFileType = folder.assetcatalog; path = Images.xcassets; sourceTree = "<group>"; };
		8EB45F3D19BC417200F03297 /* DevelopApp1Tests.xctest */ = {isa = PBXFileReference; explicitFileType = wrapper.cfbundle; includeInIndex = 0; path = DevelopApp1Tests.xctest; sourceTree = BUILT_PRODUCTS_DIR; };
		8EB45F3E19BC417200F03297 /* XCTest.framework */ = {isa = PBXFileReference; lastKnownFileType = wrapper.framework; name = XCTest.framework; path = Library/Frameworks/XCTest.framework; sourceTree = DEVELOPER_DIR; };
		8EB45F4619BC417200F03297 /* DevelopApp1Tests-Info.plist */ = {isa = PBXFileReference; lastKnownFileType = text.plist.xml; path = "DevelopApp1Tests-Info.plist"; sourceTree = "<group>"; };
		8EB45F4819BC417200F03297 /* en */ = {isa = PBXFileReference; lastKnownFileType = text.plist.strings; name = en; path = en.lproj/InfoPlist.strings; sourceTree = "<group>"; };
		8EB45F4A19BC417200F03297 /* DevelopApp1Tests.m */ = {isa = PBXFileReference; lastKnownFileType = sourcecode.c.objc; path = DevelopApp1Tests.m; sourceTree = "<group>"; };
		8EB45F9519BC708300F03297 /* SpriteKit.framework */ = {isa = PBXFileReference; lastKnownFileType = wrapper.framework; name = SpriteKit.framework; path = System/Library/Frameworks/SpriteKit.framework; sourceTree = SDKROOT; };
/* End PBXFileReference section */

/* Begin PBXFrameworksBuildPhase section */
		8EB45F1919BC417200F03297 /* Frameworks */ = {
			isa = PBXFrameworksBuildPhase;
			buildActionMask = 2147483647;
			files = (
				8E1D21AA19DE8BB100AF9953 /* Social.framework in Frameworks */,
				8EA57EBE19C0496700B6B853 /* AssetsLibrary.framework in Frameworks */,
				8EB45F9619BC708300F03297 /* SpriteKit.framework in Frameworks */,
				8EB45F2219BC417200F03297 /* CoreGraphics.framework in Frameworks */,
				8EB45F2419BC417200F03297 /* UIKit.framework in Frameworks */,
				8EB45F2019BC417200F03297 /* Foundation.framework in Frameworks */,
			);
			runOnlyForDeploymentPostprocessing = 0;
		};
		8EB45F3A19BC417200F03297 /* Frameworks */ = {
			isa = PBXFrameworksBuildPhase;
			buildActionMask = 2147483647;
			files = (
				8EB45F3F19BC417200F03297 /* XCTest.framework in Frameworks */,
				8EB45F4119BC417200F03297 /* UIKit.framework in Frameworks */,
				8EB45F4019BC417200F03297 /* Foundation.framework in Frameworks */,
			);
			runOnlyForDeploymentPostprocessing = 0;
		};
/* End PBXFrameworksBuildPhase section */

/* Begin PBXGroup section */
		8E1D20EE19D6FB2F00AF9953 /* IMage */ = {
			isa = PBXGroup;
			children = (
				8E96DB4219F6C0E80004A524 /* batu@2x.png */,
				8E96DB4019F6BB9C0004A524 /* tutorial5@2x.png */,
				8E96DB3E19F6BB5F0004A524 /* tutorial3@2x.png */,
				8E96DB3C19F6BB500004A524 /* tutorial2@2x.png */,
				8E96DB3A19F6BB3B0004A524 /* tutorial4@2x.png */,
				8E96DB3819F6BB130004A524 /* tutorial1@2x.png */,
				8E96DB3619F652140004A524 /* camerascien3@2x.png */,
				8E7B34FC19F62A1C00F5BF57 /* sharebuttonwhite@2x.png */,
				8E7B34FA19F62A0000F5BF57 /* screenshotbuttonwhite@2x.png */,
				8E7B34F819F50BEA00F5BF57 /* selectbuttonwhite@2x.png */,
				8E7B34F619F5026100F5BF57 /* camerabuttonwhite@2x.png */,
				8E7B34F419F5023D00F5BF57 /* menubuttonwhite@2x.png */,
				8E7B34F219F5023100F5BF57 /* librarybuttonwhite@2x.png */,
				8E7B34EE19F5022500F5BF57 /* maruframe@2x.gif */,
				8E7B34EF19F5022500F5BF57 /* marugurade@2x.png */,
				8E7B34EC19F4F1A300F5BF57 /* cameraframeajust@2x.png */,
				8E7B34E819F39AA700F5BF57 /* facenasiresultman5@2x.png */,
				8E7B34EA19F3BB7D00F5BF57 /* digdowndeepsweety@2x.png */,
				8E7B34E619F3993E00F5BF57 /* facenasiresultman4@2x.png */,
				8E7B34E419F397AB00F5BF57 /* facenasiresultman2@2x.png */,
				8E7B34E219F3947100F5BF57 /* faceresultmannasi@2x.png */,
				8E7B34DE19F3906200F5BF57 /* selectbutton@2x.png */,
				8E7B34E019F3935900F5BF57 /* facenasiman@2x.png */,
				8E7B34DC19F2493200F5BF57 /* faceframe@2x.png */,
				8E7B34DA19F221FD00F5BF57 /* gamescienlady2@2x.png */,
				8E7B34D819F221F000F5BF57 /* resultmangousei@2x.png */,
				8E7B34D619F221E600F5BF57 /* resultladyfacenasi@2x.png */,
				8E7B34D419F122DD00F5BF57 /* faceshapewaku@2x.png */,
				8E7B34D219F0E31600F5BF57 /* faceshape.png */,
				8E7B33C419EF3CE400F5BF57 /* facenothinmanre@x2.png */,
				8E7B33C219EF382100F5BF57 /* facenothingman@2x.png */,
				8E690D8E19EE5F4600B1382B /* siro@2x.png */,
				8E690D8C19EE5F3B00B1382B /* yajirusi@2x.png */,
				8E690D8019EE308700B1382B /* icon@2x.png */,
				8E690D7E19EE2AAA00B1382B /* count@2x.png */,
				8E690D7C19EDEC2F00B1382B /* screenshotbutto2@2x.png */,
				8E690D7A19EDEC1700B1382B /* sharebutton2@2x.png */,
				8E690D7819EDE9F500B1382B /* sharebutton@2x.png */,
				8E690D7419EDE9C200B1382B /* screenshotbutto@2x.png */,
				8E690D7219EDBCEA00B1382B /* returnbutton@2x.png */,
				8E690D7019EDA66A00B1382B /* camerabutton@2x.png */,
				8E690D6E19EDA5BA00B1382B /* thirdbutton@2x.png */,
				8E690D6C19EDA5A400B1382B /* womanbutton@2x.png */,
				8E690D6619EDA58E00B1382B /* menubutton@2x.png */,
				8E690D6719EDA58E00B1382B /* manbutton@2x.png */,
				8E690D6819EDA58E00B1382B /* librarybutton@2x.png */,
				8E690D6419ED9F5200B1382B /* camerascene2@2x.png */,
				8E690D6219ED9C7900B1382B /* camerascene@2x.png */,
				8E690D6019ED22BC00B1382B /* collectionbutton2@2x.gif */,
				8E690D5E19ED0BDA00B1382B /* startscien@2x.png */,
				8E690D5A19ED097500B1382B /* collectionbutton@2x.png */,
				8E690D5B19ED097500B1382B /* tutorialbutton@2x.png */,
				8E690D5819ED093600B1382B /* startbutton@2x.png */,
				8E690D5619ED04E400B1382B /* startinginpact@2x.png */,
				8E690D8219EE34A000B1382B /* gamescienlady@2x.png */,
				8E690D8419EE34AE00B1382B /* gamescienman@2x.png */,
				8E690D8619EE34C200B1382B /* resultman@2x.png */,
				8E1D21A419DE58AD00AF9953 /* 指.jpg */,
				8E1D21A219DD0B4800AF9953 /* プレストルール.jpeg */,
				8E1D21A019DD0B3300AF9953 /* 広島ルール.jpeg */,
				8E1D219E19DC3BF800AF9953 /* x.gif */,
				8E1D20EF19D6FB2F00AF9953 /* camara.gif */,
				8E1D20F019D6FB2F00AF9953 /* collect.gif */,
				8E1D20F119D6FB2F00AF9953 /* fromttob.gif */,
				8E1D20F219D6FB2F00AF9953 /* Ifeltlove.gif */,
				8E1D20F319D6FB2F00AF9953 /* images (1).jpeg */,
				8E1D20F419D6FB2F00AF9953 /* images (2).jpeg */,
				8E1D20F519D6FB2F00AF9953 /* images (3).jpeg */,
				8E1D20F619D6FB2F00AF9953 /* images (4).jpeg */,
				8E1D20F719D6FB2F00AF9953 /* images (0).jpeg */,
				8E1D20F819D6FB2F00AF9953 /* library.gif */,
				8E1D219919DC32D100AF9953 /* rule.gif */,
				8E1D20F919D6FB2F00AF9953 /* more.gif */,
				8E1D20FA19D6FB2F00AF9953 /* morelove.gif */,
				8E1D20FB19D6FB2F00AF9953 /* moreslow.gif */,
				8E1D20FC19D6FB2F00AF9953 /* next.gif */,
				8E1D20FD19D6FB2F00AF9953 /* share.gif */,
				8E1D20FE19D6FB2F00AF9953 /* shot.gif */,
				8E1D20FF19D6FB2F00AF9953 /* start.gif */,
				8E1D210019D6FB2F00AF9953 /* surts.jpeg */,
				8E1D212119D7055300AF9953 /* title.jpg */,
				8E1D210119D6FB2F00AF9953 /* むきむき.jpeg */,
				8E1D210219D6FB2F00AF9953 /* スター.gif */,
				8E1D210319D6FB2F00AF9953 /* ダウンロード.jpeg */,
				8E1D210419D6FB2F00AF9953 /* 女中国.jpg */,
				8E1D210519D6FB2F00AF9953 /* 女脱いだ候補１.jpg */,
				8E1D210619D6FB2F00AF9953 /* 女脱いだ候補２.jpg */,
				8E1D210719D6FB2F00AF9953 /* 男脱いだ後.jpg */,
			);
			path = IMage;
			sourceTree = "<group>";
		};
		8EB45F1319BC417200F03297 = {
			isa = PBXGroup;
			children = (
				8EB45F2519BC417200F03297 /* DevelopApp1 */,
				8EB45F4419BC417200F03297 /* DevelopApp1Tests */,
				8EB45F1E19BC417200F03297 /* Frameworks */,
				8EB45F1D19BC417200F03297 /* Products */,
			);
			sourceTree = "<group>";
		};
		8EB45F1D19BC417200F03297 /* Products */ = {
			isa = PBXGroup;
			children = (
				8EB45F1C19BC417200F03297 /* DevelopApp1.app */,
				8EB45F3D19BC417200F03297 /* DevelopApp1Tests.xctest */,
			);
			name = Products;
			sourceTree = "<group>";
		};
		8EB45F1E19BC417200F03297 /* Frameworks */ = {
			isa = PBXGroup;
			children = (
				8E1D21A919DE8BB100AF9953 /* Social.framework */,
				8EA57EBD19C0496700B6B853 /* AssetsLibrary.framework */,
				8EB45F9519BC708300F03297 /* SpriteKit.framework */,
				8EB45F1F19BC417200F03297 /* Foundation.framework */,
				8EB45F2119BC417200F03297 /* CoreGraphics.framework */,
				8EB45F2319BC417200F03297 /* UIKit.framework */,
				8EB45F3E19BC417200F03297 /* XCTest.framework */,
			);
			name = Frameworks;
			sourceTree = "<group>";
		};
		8EB45F2519BC417200F03297 /* DevelopApp1 */ = {
			isa = PBXGroup;
			children = (
				8EB45F2E19BC417200F03297 /* AppDelegate.h */,
				8EB45F2F19BC417200F03297 /* AppDelegate.m */,
				8E1D21AB19E5F3BB00AF9953 /* tutorialViewController.h */,
				8E1D21AC19E5F3BB00AF9953 /* tutorialViewController.m */,
				8EB14DCE19C81BD7004FFBFA /* Main.storyboard */,
				8EB45F3419BC417200F03297 /* ViewController.h */,
				8EB45F3519BC417200F03297 /* ViewController.m */,
				8EA57E6519BD10BD00B6B853 /* CameraViewController.h */,
				8EA57E6619BD10BD00B6B853 /* CameraViewController.m */,
				8EA57E6B19BD14A800B6B853 /* CollectViewController.h */,
				8EA57E6C19BD14A800B6B853 /* CollectViewController.m */,
				8E1D21A619DE83B600AF9953 /* fullViewController.h */,
				8E1D21A719DE83B600AF9953 /* fullViewController.m */,
				8E1D219B19DC364B00AF9953 /* ruleViewController.h */,
				8E1D219C19DC364B00AF9953 /* ruleViewController.m */,
				8EA57E7319BDA15700B6B853 /* GameViewController.h */,
				8EA57E7419BDA15700B6B853 /* GameViewController.m */,
				8EA57E7619BDACA400B6B853 /* WemanGameViewController.h */,
				8EA57E7719BDACA400B6B853 /* WemanGameViewController.m */,
				8EA57E7919BDACC300B6B853 /* OthersGameViewController.h */,
				8EA57E7A19BDACC300B6B853 /* OthersGameViewController.m */,
				8E9830E019C80EB900F56A74 /* manResultViewController.h */,
				8E9830E119C80EB900F56A74 /* manResultViewController.m */,
				8E9830E319C813CC00F56A74 /* wemanResultViewController.h */,
				8E9830E419C813CC00F56A74 /* wemanResultViewController.m */,
				8E9830E619C8145D00F56A74 /* cthersResultViewController.h */,
				8E9830E719C8145D00F56A74 /* cthersResultViewController.m */,
				8EB45F3719BC417200F03297 /* Images.xcassets */,
				8EB45F2619BC417200F03297 /* Supporting Files */,
			);
			path = DevelopApp1;
			sourceTree = "<group>";
		};
		8EB45F2619BC417200F03297 /* Supporting Files */ = {
			isa = PBXGroup;
			children = (
				8E1D20EE19D6FB2F00AF9953 /* IMage */,
				8EB45F2719BC417200F03297 /* DevelopApp1-Info.plist */,
				8EB45F2819BC417200F03297 /* InfoPlist.strings */,
				8EB45F2B19BC417200F03297 /* main.m */,
				8EB45F2D19BC417200F03297 /* DevelopApp1-Prefix.pch */,
			);
			name = "Supporting Files";
			sourceTree = "<group>";
		};
		8EB45F4419BC417200F03297 /* DevelopApp1Tests */ = {
			isa = PBXGroup;
			children = (
				8EB45F4A19BC417200F03297 /* DevelopApp1Tests.m */,
				8EB45F4519BC417200F03297 /* Supporting Files */,
			);
			path = DevelopApp1Tests;
			sourceTree = "<group>";
		};
		8EB45F4519BC417200F03297 /* Supporting Files */ = {
			isa = PBXGroup;
			children = (
				8EB45F4619BC417200F03297 /* DevelopApp1Tests-Info.plist */,
				8EB45F4719BC417200F03297 /* InfoPlist.strings */,
			);
			name = "Supporting Files";
			sourceTree = "<group>";
		};
/* End PBXGroup section */

/* Begin PBXNativeTarget section */
		8EB45F1B19BC417200F03297 /* DevelopApp1 */ = {
			isa = PBXNativeTarget;
			buildConfigurationList = 8EB45F4E19BC417200F03297 /* Build configuration list for PBXNativeTarget "DevelopApp1" */;
			buildPhases = (
				8EB45F1819BC417200F03297 /* Sources */,
				8EB45F1919BC417200F03297 /* Frameworks */,
				8EB45F1A19BC417200F03297 /* Resources */,
			);
			buildRules = (
			);
			dependencies = (
			);
			name = DevelopApp1;
			productName = DevelopApp1;
			productReference = 8EB45F1C19BC417200F03297 /* DevelopApp1.app */;
			productType = "com.apple.product-type.application";
		};
		8EB45F3C19BC417200F03297 /* DevelopApp1Tests */ = {
			isa = PBXNativeTarget;
			buildConfigurationList = 8EB45F5119BC417200F03297 /* Build configuration list for PBXNativeTarget "DevelopApp1Tests" */;
			buildPhases = (
				8EB45F3919BC417200F03297 /* Sources */,
				8EB45F3A19BC417200F03297 /* Frameworks */,
				8EB45F3B19BC417200F03297 /* Resources */,
			);
			buildRules = (
			);
			dependencies = (
				8EB45F4319BC417200F03297 /* PBXTargetDependency */,
			);
			name = DevelopApp1Tests;
			productName = DevelopApp1Tests;
			productReference = 8EB45F3D19BC417200F03297 /* DevelopApp1Tests.xctest */;
			productType = "com.apple.product-type.bundle.unit-test";
		};
/* End PBXNativeTarget section */

/* Begin PBXProject section */
		8EB45F1419BC417200F03297 /* Project object */ = {
			isa = PBXProject;
			attributes = {
				LastUpgradeCheck = 0510;
				ORGANIZATIONNAME = yosei;
				TargetAttributes = {
					8EB45F3C19BC417200F03297 = {
						TestTargetID = 8EB45F1B19BC417200F03297;
					};
				};
			};
			buildConfigurationList = 8EB45F1719BC417200F03297 /* Build configuration list for PBXProject "DevelopApp1" */;
			compatibilityVersion = "Xcode 3.2";
			developmentRegion = English;
			hasScannedForEncodings = 0;
			knownRegions = (
				en,
				Base,
			);
			mainGroup = 8EB45F1319BC417200F03297;
			productRefGroup = 8EB45F1D19BC417200F03297 /* Products */;
			projectDirPath = "";
			projectRoot = "";
			targets = (
				8EB45F1B19BC417200F03297 /* DevelopApp1 */,
				8EB45F3C19BC417200F03297 /* DevelopApp1Tests */,
			);
		};
/* End PBXProject section */

/* Begin PBXResourcesBuildPhase section */
		8EB45F1A19BC417200F03297 /* Resources */ = {
			isa = PBXResourcesBuildPhase;
			buildActionMask = 2147483647;
			files = (
				8E7B34DF19F3906200F5BF57 /* selectbutton@2x.png in Resources */,
				8E7B34E319F3947100F5BF57 /* faceresultmannasi@2x.png in Resources */,
				8E96DB3B19F6BB3B0004A524 /* tutorial4@2x.png in Resources */,
				8E690D6119ED22BC00B1382B /* collectionbutton2@2x.gif in Resources */,
				8E690D6A19EDA58E00B1382B /* manbutton@2x.png in Resources */,
				8E1D210D19D6FB2F00AF9953 /* images (2).jpeg in Resources */,
				8E7B34F519F5023D00F5BF57 /* menubuttonwhite@2x.png in Resources */,
				8EB45F3819BC417200F03297 /* Images.xcassets in Resources */,
				8E96DB3919F6BB130004A524 /* tutorial1@2x.png in Resources */,
				8E690D6919EDA58E00B1382B /* menubutton@2x.png in Resources */,
				8E1D211719D6FB2F00AF9953 /* shot.gif in Resources */,
				8EB45F2A19BC417200F03297 /* InfoPlist.strings in Resources */,
				8E1D211219D6FB2F00AF9953 /* more.gif in Resources */,
				8E7B34E919F39AA700F5BF57 /* facenasiresultman5@2x.png in Resources */,
				8E1D211519D6FB2F00AF9953 /* next.gif in Resources */,
				8E7B34D519F122DD00F5BF57 /* faceshapewaku@2x.png in Resources */,
				8E1D210E19D6FB2F00AF9953 /* images (3).jpeg in Resources */,
				8E690D7D19EDEC2F00B1382B /* screenshotbutto2@2x.png in Resources */,
				8E690D8519EE34AE00B1382B /* gamescienman@2x.png in Resources */,
				8E1D211A19D6FB2F00AF9953 /* むきむき.jpeg in Resources */,
				8EB14DCF19C81BD7004FFBFA /* Main.storyboard in Resources */,
				8E7B34E719F3993E00F5BF57 /* facenasiresultman4@2x.png in Resources */,
				8E7B34FD19F62A1C00F5BF57 /* sharebuttonwhite@2x.png in Resources */,
				8E96DB4119F6BB9C0004A524 /* tutorial5@2x.png in Resources */,
				8E1D21A119DD0B3300AF9953 /* 広島ルール.jpeg in Resources */,
				8E690D7519EDE9C200B1382B /* screenshotbutto@2x.png in Resources */,
				8E1D211019D6FB2F00AF9953 /* images (0).jpeg in Resources */,
				8E690D8F19EE5F4600B1382B /* siro@2x.png in Resources */,
				8E690D6319ED9C7900B1382B /* camerascene@2x.png in Resources */,
				8E690D6F19EDA5BA00B1382B /* thirdbutton@2x.png in Resources */,
				8E1D211F19D6FB2F00AF9953 /* 女脱いだ候補２.jpg in Resources */,
				8E1D210C19D6FB2F00AF9953 /* images (1).jpeg in Resources */,
				8E7B34EB19F3BB7D00F5BF57 /* digdowndeepsweety@2x.png in Resources */,
				8E690D6519ED9F5200B1382B /* camerascene2@2x.png in Resources */,
				8E1D211919D6FB2F00AF9953 /* surts.jpeg in Resources */,
				8E96DB4319F6C0E80004A524 /* batu@2x.png in Resources */,
				8E1D212019D6FB2F00AF9953 /* 男脱いだ後.jpg in Resources */,
				8E7B34D719F221E600F5BF57 /* resultladyfacenasi@2x.png in Resources */,
				8E7B34DD19F2493200F5BF57 /* faceframe@2x.png in Resources */,
				8E7B34E119F3935900F5BF57 /* facenasiman@2x.png in Resources */,
				8E690D7119EDA66A00B1382B /* camerabutton@2x.png in Resources */,
				8E690D5D19ED097500B1382B /* tutorialbutton@2x.png in Resources */,
				8E7B34F019F5022500F5BF57 /* maruframe@2x.gif in Resources */,
				8E1D211419D6FB2F00AF9953 /* moreslow.gif in Resources */,
				8E690D5719ED04E400B1382B /* startinginpact@2x.png in Resources */,
				8E1D211819D6FB2F00AF9953 /* start.gif in Resources */,
				8E1D211619D6FB2F00AF9953 /* share.gif in Resources */,
				8E690D8D19EE5F3B00B1382B /* yajirusi@2x.png in Resources */,
				8E1D210A19D6FB2F00AF9953 /* fromttob.gif in Resources */,
				8E1D219F19DC3BF800AF9953 /* x.gif in Resources */,
				8E690D5C19ED097500B1382B /* collectionbutton@2x.png in Resources */,
				8E690D5919ED093600B1382B /* startbutton@2x.png in Resources */,
				8E690D7919EDE9F500B1382B /* sharebutton@2x.png in Resources */,
				8E1D210B19D6FB2F00AF9953 /* Ifeltlove.gif in Resources */,
				8E96DB3F19F6BB5F0004A524 /* tutorial3@2x.png in Resources */,
				8E1D212219D7055300AF9953 /* title.jpg in Resources */,
				8E1D21A319DD0B4800AF9953 /* プレストルール.jpeg in Resources */,
				8E1D21A519DE58AD00AF9953 /* 指.jpg in Resources */,
				8E96DB3D19F6BB500004A524 /* tutorial2@2x.png in Resources */,
				8E96DB3719F652140004A524 /* camerascien3@2x.png in Resources */,
				8E1D210F19D6FB2F00AF9953 /* images (4).jpeg in Resources */,
				8E690D8319EE34A000B1382B /* gamescienlady@2x.png in Resources */,
				8E690D5F19ED0BDB00B1382B /* startscien@2x.png in Resources */,
				8E1D211B19D6FB2F00AF9953 /* スター.gif in Resources */,
				8E1D219A19DC32D100AF9953 /* rule.gif in Resources */,
				8E7B34ED19F4F1A300F5BF57 /* cameraframeajust@2x.png in Resources */,
				8E690D7B19EDEC1700B1382B /* sharebutton2@2x.png in Resources */,
				8E690D6B19EDA58E00B1382B /* librarybutton@2x.png in Resources */,
				8E7B34D919F221F000F5BF57 /* resultmangousei@2x.png in Resources */,
				8E690D7F19EE2AAA00B1382B /* count@2x.png in Resources */,
				8E1D211119D6FB2F00AF9953 /* library.gif in Resources */,
				8E7B34FB19F62A0000F5BF57 /* screenshotbuttonwhite@2x.png in Resources */,
				8E690D7319EDBCEA00B1382B /* returnbutton@2x.png in Resources */,
				8E7B34F919F50BEA00F5BF57 /* selectbuttonwhite@2x.png in Resources */,
				8E1D211D19D6FB2F00AF9953 /* 女中国.jpg in Resources */,
				8E690D8719EE34C200B1382B /* resultman@2x.png in Resources */,
				8E1D211E19D6FB2F00AF9953 /* 女脱いだ候補１.jpg in Resources */,
				8E690D6D19EDA5A400B1382B /* womanbutton@2x.png in Resources */,
				8E7B34F119F5022500F5BF57 /* marugurade@2x.png in Resources */,
				8E1D211C19D6FB2F00AF9953 /* ダウンロード.jpeg in Resources */,
				8E7B33C319EF382100F5BF57 /* facenothingman@2x.png in Resources */,
				8E7B34D319F0E31600F5BF57 /* faceshape.png in Resources */,
				8E7B34DB19F221FD00F5BF57 /* gamescienlady2@2x.png in Resources */,
				8E1D210819D6FB2F00AF9953 /* camara.gif in Resources */,
				8E1D210919D6FB2F00AF9953 /* collect.gif in Resources */,
				8E1D211319D6FB2F00AF9953 /* morelove.gif in Resources */,
				8E7B34F719F5026100F5BF57 /* camerabuttonwhite@2x.png in Resources */,
				8E7B34E519F397AC00F5BF57 /* facenasiresultman2@2x.png in Resources */,
				8E690D8119EE308700B1382B /* icon@2x.png in Resources */,
				8E7B34F319F5023100F5BF57 /* librarybuttonwhite@2x.png in Resources */,
				8E7B33C519EF3CE400F5BF57 /* facenothinmanre@x2.png in Resources */,
			);
			runOnlyForDeploymentPostprocessing = 0;
		};
		8EB45F3B19BC417200F03297 /* Resources */ = {
			isa = PBXResourcesBuildPhase;
			buildActionMask = 2147483647;
			files = (
				8EB45F4919BC417200F03297 /* InfoPlist.strings in Resources */,
			);
			runOnlyForDeploymentPostprocessing = 0;
		};
/* End PBXResourcesBuildPhase section */

/* Begin PBXSourcesBuildPhase section */
		8EB45F1819BC417200F03297 /* Sources */ = {
			isa = PBXSourcesBuildPhase;
			buildActionMask = 2147483647;
			files = (
				8EA57E7819BDACA400B6B853 /* WemanGameViewController.m in Sources */,
				8EB45F3619BC417200F03297 /* ViewController.m in Sources */,
				8E1D21AD19E5F3BB00AF9953 /* tutorialViewController.m in Sources */,
				8EA57E6D19BD14A800B6B853 /* CollectViewController.m in Sources */,
				8EA57E7B19BDACC300B6B853 /* OthersGameViewController.m in Sources */,
				8E1D21A819DE83B600AF9953 /* fullViewController.m in Sources */,
				8EA57E6719BD10BD00B6B853 /* CameraViewController.m in Sources */,
				8E9830E219C80EB900F56A74 /* manResultViewController.m in Sources */,
				8E1D219D19DC364B00AF9953 /* ruleViewController.m in Sources */,
				8EB45F3019BC417200F03297 /* AppDelegate.m in Sources */,
				8EA57E7519BDA15700B6B853 /* GameViewController.m in Sources */,
				8E9830E519C813CC00F56A74 /* wemanResultViewController.m in Sources */,
				8EB45F2C19BC417200F03297 /* main.m in Sources */,
				8E9830E819C8145D00F56A74 /* cthersResultViewController.m in Sources */,
			);
			runOnlyForDeploymentPostprocessing = 0;
		};
		8EB45F3919BC417200F03297 /* Sources */ = {
			isa = PBXSourcesBuildPhase;
			buildActionMask = 2147483647;
			files = (
				8EB45F4B19BC417200F03297 /* DevelopApp1Tests.m in Sources */,
			);
			runOnlyForDeploymentPostprocessing = 0;
		};
/* End PBXSourcesBuildPhase section */

/* Begin PBXTargetDependency section */
		8EB45F4319BC417200F03297 /* PBXTargetDependency */ = {
			isa = PBXTargetDependency;
			target = 8EB45F1B19BC417200F03297 /* DevelopApp1 */;
			targetProxy = 8EB45F4219BC417200F03297 /* PBXContainerItemProxy */;
		};
/* End PBXTargetDependency section */

/* Begin PBXVariantGroup section */
		8EB45F2819BC417200F03297 /* InfoPlist.strings */ = {
			isa = PBXVariantGroup;
			children = (
				8EB45F2919BC417200F03297 /* en */,
			);
			name = InfoPlist.strings;
			sourceTree = "<group>";
		};
		8EB45F4719BC417200F03297 /* InfoPlist.strings */ = {
			isa = PBXVariantGroup;
			children = (
				8EB45F4819BC417200F03297 /* en */,
			);
			name = InfoPlist.strings;
			sourceTree = "<group>";
		};
/* End PBXVariantGroup section */

/* Begin XCBuildConfiguration section */
		8EB45F4C19BC417200F03297 /* Debug */ = {
			isa = XCBuildConfiguration;
			buildSettings = {
				ALWAYS_SEARCH_USER_PATHS = NO;
				CLANG_CXX_LANGUAGE_STANDARD = "gnu++0x";
				CLANG_CXX_LIBRARY = "libc++";
				CLANG_ENABLE_MODULES = YES;
				CLANG_ENABLE_OBJC_ARC = YES;
				CLANG_WARN_BOOL_CONVERSION = YES;
				CLANG_WARN_CONSTANT_CONVERSION = YES;
				CLANG_WARN_DIRECT_OBJC_ISA_USAGE = YES_ERROR;
				CLANG_WARN_EMPTY_BODY = YES;
				CLANG_WARN_ENUM_CONVERSION = YES;
				CLANG_WARN_INT_CONVERSION = YES;
				CLANG_WARN_OBJC_ROOT_CLASS = YES_ERROR;
				CLANG_WARN__DUPLICATE_METHOD_MATCH = YES;
				"CODE_SIGN_IDENTITY[sdk=iphoneos*]" = "iPhone Developer";
				COPY_PHASE_STRIP = NO;
				GCC_C_LANGUAGE_STANDARD = gnu99;
				GCC_DYNAMIC_NO_PIC = NO;
				GCC_OPTIMIZATION_LEVEL = 0;
				GCC_PREPROCESSOR_DEFINITIONS = (
					"DEBUG=1",
					"$(inherited)",
				);
				GCC_SYMBOLS_PRIVATE_EXTERN = NO;
				GCC_WARN_64_TO_32_BIT_CONVERSION = YES;
				GCC_WARN_ABOUT_RETURN_TYPE = YES_ERROR;
				GCC_WARN_UNDECLARED_SELECTOR = YES;
				GCC_WARN_UNINITIALIZED_AUTOS = YES_AGGRESSIVE;
				GCC_WARN_UNUSED_FUNCTION = YES;
				GCC_WARN_UNUSED_VARIABLE = YES;
				IPHONEOS_DEPLOYMENT_TARGET = 7.1;
				ONLY_ACTIVE_ARCH = YES;
				SDKROOT = iphoneos;
			};
			name = Debug;
		};
		8EB45F4D19BC417200F03297 /* Release */ = {
			isa = XCBuildConfiguration;
			buildSettings = {
				ALWAYS_SEARCH_USER_PATHS = NO;
				CLANG_CXX_LANGUAGE_STANDARD = "gnu++0x";
				CLANG_CXX_LIBRARY = "libc++";
				CLANG_ENABLE_MODULES = YES;
				CLANG_ENABLE_OBJC_ARC = YES;
				CLANG_WARN_BOOL_CONVERSION = YES;
				CLANG_WARN_CONSTANT_CONVERSION = YES;
				CLANG_WARN_DIRECT_OBJC_ISA_USAGE = YES_ERROR;
				CLANG_WARN_EMPTY_BODY = YES;
				CLANG_WARN_ENUM_CONVERSION = YES;
				CLANG_WARN_INT_CONVERSION = YES;
				CLANG_WARN_OBJC_ROOT_CLASS = YES_ERROR;
				CLANG_WARN__DUPLICATE_METHOD_MATCH = YES;
				"CODE_SIGN_IDENTITY[sdk=iphoneos*]" = "iPhone Developer";
				COPY_PHASE_STRIP = YES;
				ENABLE_NS_ASSERTIONS = NO;
				GCC_C_LANGUAGE_STANDARD = gnu99;
				GCC_WARN_64_TO_32_BIT_CONVERSION = YES;
				GCC_WARN_ABOUT_RETURN_TYPE = YES_ERROR;
				GCC_WARN_UNDECLARED_SELECTOR = YES;
				GCC_WARN_UNINITIALIZED_AUTOS = YES_AGGRESSIVE;
				GCC_WARN_UNUSED_FUNCTION = YES;
				GCC_WARN_UNUSED_VARIABLE = YES;
				IPHONEOS_DEPLOYMENT_TARGET = 7.1;
				SDKROOT = iphoneos;
				VALIDATE_PRODUCT = YES;
			};
			name = Release;
		};
		8EB45F4F19BC417200F03297 /* Debug */ = {
			isa = XCBuildConfiguration;
			buildSettings = {
				ASSETCATALOG_COMPILER_APPICON_NAME = AppIcon;
				ASSETCATALOG_COMPILER_LAUNCHIMAGE_NAME = LaunchImage;
				GCC_PRECOMPILE_PREFIX_HEADER = YES;
				GCC_PREFIX_HEADER = "DevelopApp1/DevelopApp1-Prefix.pch";
				INFOPLIST_FILE = "DevelopApp1/DevelopApp1-Info.plist";
				PRODUCT_NAME = "$(TARGET_NAME)";
				WRAPPER_EXTENSION = app;
			};
			name = Debug;
		};
		8EB45F5019BC417200F03297 /* Release */ = {
			isa = XCBuildConfiguration;
			buildSettings = {
				ASSETCATALOG_COMPILER_APPICON_NAME = AppIcon;
				ASSETCATALOG_COMPILER_LAUNCHIMAGE_NAME = LaunchImage;
				GCC_PRECOMPILE_PREFIX_HEADER = YES;
				GCC_PREFIX_HEADER = "DevelopApp1/DevelopApp1-Prefix.pch";
				INFOPLIST_FILE = "DevelopApp1/DevelopApp1-Info.plist";
				PRODUCT_NAME = "$(TARGET_NAME)";
				WRAPPER_EXTENSION = app;
			};
			name = Release;
		};
		8EB45F5219BC417200F03297 /* Debug */ = {
			isa = XCBuildConfiguration;
			buildSettings = {
				BUNDLE_LOADER = "$(BUILT_PRODUCTS_DIR)/DevelopApp1.app/DevelopApp1";
				FRAMEWORK_SEARCH_PATHS = (
					"$(SDKROOT)/Developer/Library/Frameworks",
					"$(inherited)",
					"$(DEVELOPER_FRAMEWORKS_DIR)",
				);
				GCC_PRECOMPILE_PREFIX_HEADER = YES;
				GCC_PREFIX_HEADER = "DevelopApp1/DevelopApp1-Prefix.pch";
				GCC_PREPROCESSOR_DEFINITIONS = (
					"DEBUG=1",
					"$(inherited)",
				);
				INFOPLIST_FILE = "DevelopApp1Tests/DevelopApp1Tests-Info.plist";
				PRODUCT_NAME = "$(TARGET_NAME)";
				TEST_HOST = "$(BUNDLE_LOADER)";
				WRAPPER_EXTENSION = xctest;
			};
			name = Debug;
		};
		8EB45F5319BC417200F03297 /* Release */ = {
			isa = XCBuildConfiguration;
			buildSettings = {
				BUNDLE_LOADER = "$(BUILT_PRODUCTS_DIR)/DevelopApp1.app/DevelopApp1";
				FRAMEWORK_SEARCH_PATHS = (
					"$(SDKROOT)/Developer/Library/Frameworks",
					"$(inherited)",
					"$(DEVELOPER_FRAMEWORKS_DIR)",
				);
				GCC_PRECOMPILE_PREFIX_HEADER = YES;
				GCC_PREFIX_HEADER = "DevelopApp1/DevelopApp1-Prefix.pch";
				INFOPLIST_FILE = "DevelopApp1Tests/DevelopApp1Tests-Info.plist";
				PRODUCT_NAME = "$(TARGET_NAME)";
				TEST_HOST = "$(BUNDLE_LOADER)";
				WRAPPER_EXTENSION = xctest;
			};
			name = Release;
		};
/* End XCBuildConfiguration section */

/* Begin XCConfigurationList section */
		8EB45F1719BC417200F03297 /* Build configuration list for PBXProject "DevelopApp1" */ = {
			isa = XCConfigurationList;
			buildConfigurations = (
				8EB45F4C19BC417200F03297 /* Debug */,
				8EB45F4D19BC417200F03297 /* Release */,
			);
			defaultConfigurationIsVisible = 0;
			defaultConfigurationName = Release;
		};
		8EB45F4E19BC417200F03297 /* Build configuration list for PBXNativeTarget "DevelopApp1" */ = {
			isa = XCConfigurationList;
			buildConfigurations = (
				8EB45F4F19BC417200F03297 /* Debug */,
				8EB45F5019BC417200F03297 /* Release */,
			);
			defaultConfigurationIsVisible = 0;
			defaultConfigurationName = Release;
		};
		8EB45F5119BC417200F03297 /* Build configuration list for PBXNativeTarget "DevelopApp1Tests" */ = {
			isa = XCConfigurationList;
			buildConfigurations = (
				8EB45F5219BC417200F03297 /* Debug */,
				8EB45F5319BC417200F03297 /* Release */,
			);
			defaultConfigurationIsVisible = 0;
			defaultConfigurationName = Release;
		};
/* End XCConfigurationList section */
	};
	rootObject = 8EB45F1419BC417200F03297 /* Project object */;
}
